
Microsoft Visual Studio Solution File, Format Version 12.00
# Visual Studio Version 17
VisualStudioVersion = 17.3.32825.248
MinimumVisualStudioVersion = 10.0.40219.1
Project("{FAE04EC0-301F-11D3-BF4B-00C04F79EFBC}") = "Week3IfAndSwitc", "Week3IfAndSwitc\Week3IfAndSwitc.csproj", "{126FF708-D85C-4ACB-81A3-470A4968A8A6}"
EndProject
Project("{FAE04EC0-301F-11D3-BF4B-00C04F79EFBC}") = "OddOrEven", "OddOrEven\OddOrEven.csproj", "{DC94974D-6B7A-41ED-8EFC-1063746298E5}"
EndProject
Project("{FAE04EC0-301F-11D3-BF4B-00C04F79EFBC}") = "IfDayOfTheWeek", "IfDayOfTheWeek\IfDayOfTheWeek.csproj", "{C7D10D72-FFBB-42ED-BAB9-F974E37E97D0}"
EndProject
Project("{FAE04EC0-301F-11D3-BF4B-00C04F79EFBC}") = "SwitchDayOfTheWeek", "SwitchDayOfTheWeek\SwitchDayOfTheWeek.csproj", "{84F1EB52-C0CA-4C89-B9EF-12F5E39F0610}"
EndProject
Global
	GlobalSection(SolutionConfigurationPlatforms) = preSolution
		Debug|Any CPU = Debug|Any CPU
		Release|Any CPU = Release|Any CPU
	EndGlobalSection
	GlobalSection(ProjectConfigurationPlatforms) = postSolution
		{126FF708-D85C-4ACB-81A3-470A4968A8A6}.Debug|Any CPU.ActiveCfg = Debug|Any CPU
		{126FF708-D85C-4ACB-81A3-470A4968A8A6}.Debug|Any CPU.Build.0 = Debug|Any CPU
		{126FF708-D85C-4ACB-81A3-470A4968A8A6}.Release|Any CPU.ActiveCfg = Release|Any CPU
		{126FF708-D85C-4ACB-81A3-470A4968A8A6}.Release|Any CPU.Build.0 = Release|Any CPU
		{DC94974D-6B7A-41ED-8EFC-1063746298E5}.Debug|Any CPU.ActiveCfg = Debug|Any CPU
		{DC94974D-6B7A-41ED-8EFC-1063746298E5}.Debug|Any CPU.Build.0 = Debug|Any CPU
		{DC94974D-6B7A-41ED-8EFC-1063746298E5}.Release|Any CPU.ActiveCfg = Release|Any CPU
		{DC94974D-6B7A-41ED-8EFC-1063746298E5}.Release|Any CPU.Build.0 = Release|Any CPU
		{C7D10D72-FFBB-42ED-BAB9-F974E37E97D0}.Debug|Any CPU.ActiveCfg = Debug|Any CPU
		{C7D10D72-FFBB-42ED-BAB9-F974E37E97D0}.Debug|Any CPU.Build.0 = Debug|Any CPU
		{C7D10D72-FFBB-42ED-BAB9-F974E37E97D0}.Release|Any CPU.ActiveCfg = Release|Any CPU
		{C7D10D72-FFBB-42ED-BAB9-F974E37E97D0}.Release|Any CPU.Build.0 = Release|Any CPU
		{84F1EB52-C0CA-4C89-B9EF-12F5E39F0610}.Debug|Any CPU.ActiveCfg = Debug|Any CPU
		{84F1EB52-C0CA-4C89-B9EF-12F5E39F0610}.Debug|Any CPU.Build.0 = Debug|Any CPU
		{84F1EB52-C0CA-4C89-B9EF-12F5E39F0610}.Release|Any CPU.ActiveCfg = Release|Any CPU
		{84F1EB52-C0CA-4C89-B9EF-12F5E39F0610}.Release|Any CPU.Build.0 = Release|Any CPU
	EndGlobalSection
	GlobalSection(SolutionProperties) = preSolution
		HideSolutionNode = FALSE
	EndGlobalSection
	GlobalSection(ExtensibilityGlobals) = postSolution
		SolutionGuid = {BE582EAB-A8F1-40F6-BA1C-8D1201F3CDE3}
	EndGlobalSection
EndGlobal
